// !$*UTF8*$!
{
	archiveVersion = 1;
	classes = {
	};
	objectVersion = 46;
	objects = {
		2C43C88375AE7C1A7B5B9D6B = {
			isa = PBXBuildFile;
			fileRef = E6376AFBD2614785CFF31324;
		};
		274A4EF2AB382830A3B14C27 = {
			isa = PBXBuildFile;
			fileRef = 84FF1C37B6B6F02003EE7FE6;
		};
		ED73DC55C7FEBB179C5D0116 = {
			isa = PBXBuildFile;
			fileRef = BB86C5AF630C34B7AB7F5017;
		};
		388AC2264815E71A3C75E1DC = {
			isa = PBXBuildFile;
			fileRef = AB76CFEC75A6F1C95C4CF8C7;
		};
		3A6B5ED51A4DDCF33D908EE3 = {
			isa = PBXBuildFile;
			fileRef = F80AB1C5617761B37C72BAAE;
		};
		FFFF87B519561273C67CB7D8 = {
			isa = PBXBuildFile;
			fileRef = F5967A20FCE579A9A3D76B10;
		};
		8C1A539B856DC5E4ADED00EC = {
			isa = PBXBuildFile;
			fileRef = D0EB1284BB58E1B3588297E5;
		};
		7F5D035D130BE0E314870AE5 = {
			isa = PBXBuildFile;
			fileRef = D2960C43AC79DAB07B5DD5BE;
		};
		C029E2659762319A7F6A93C6 = {
			isa = PBXBuildFile;
			fileRef = ABD21AA6940D6AAC85E81CC8;
		};
		4E822075FFAB0B47214BD9AB = {
			isa = PBXBuildFile;
			fileRef = F4E885252F3176C347E6AE16;
		};
		1463BE1D8950D14226A7F195 = {
			isa = PBXBuildFile;
			fileRef = 1E5C5D8D41B91C7071EB7EEC;
		};
		09B09FB5D719F0F5865E47D2 = {
			isa = PBXBuildFile;
			fileRef = FB4FD2E914626D4DAFB537BF;
		};
		DF2216E9FA26B14E345DC018 = {
			isa = PBXBuildFile;
			fileRef = 5BEC79A5B3ABA1F8555F8985;
		};
		D7CDB1FA0DA8AE5D7F136910 = {
			isa = PBXBuildFile;
			fileRef = CD15D27E84A28C1BC01196EC;
		};
		B65CD420C64BF76C59345DF5 = {
			isa = PBXBuildFile;
			fileRef = 45CB9035BD189413E07ACC03;
		};
		5739C8E95A5CBD1355F31431 = {
			isa = PBXBuildFile;
			fileRef = 751F42CB70A9D327E6AC0A37;
		};
		50D07CF715C56B66C2E62565 = {
			isa = PBXBuildFile;
			fileRef = 54381C226EF7EC38B4536F09;
		};
		9DB02A221B2EC212F5A017FA = {
			isa = PBXBuildFile;
			fileRef = 776A03D80E232A9BA92E054C;
		};
		F007EC79F9D888751E7016F8 = {
			isa = PBXBuildFile;
			fileRef = FFBE336768C3AEDC116F1652;
		};
		27EA27B3C4EA6DEB51DFB912 = {
			isa = PBXBuildFile;
			fileRef = 0DABAEE5F0501193168FCF29;
		};
		F91B425CD91E278CEFBEEA70 = {
			isa = PBXBuildFile;
			fileRef = 3B18DE2E66E10A12EC5F9F33;
		};
		0ACA239E39527F78FDA7E33F = {
			isa = PBXBuildFile;
			fileRef = CE3D32E20D36CD8F4D1E20ED;
		};
		4C2CD1925D016769280102BA = {
			isa = PBXBuildFile;
			fileRef = 756AE527FAF5A5C1ACFACD74;
		};
		B1E3EEE6D77A10B8B77E56BE = {
			isa = PBXBuildFile;
			fileRef = 8F94B29C732F004F16F8340D;
		};
		5370E5C460200879FBD46D2F = {
			isa = PBXBuildFile;
			fileRef = 92D7FC97C193BB8491D39961;
		};
		E230E2180C77AAE1BB792B6A = {
			isa = PBXBuildFile;
			fileRef = 1C17CEEC9B1E474CF82387D9;
		};
		56CF8DCAE75DCB2A3677F9EA = {
			isa = PBXBuildFile;
			fileRef = 154ED6C89A2DA3DFE4B5C025;
		};
		054349B5F7C018C6E11D3544 = {
			isa = PBXBuildFile;
			fileRef = CFC63FAC289820C4DAF22844;
		};
		163CCB57100C157082625201 = {
			isa = PBXBuildFile;
			fileRef = BD3BD897DB9A1DC552B3634C;
		};
		D513AA0E28948D2E0E98191A = {
			isa = PBXBuildFile;
			fileRef = 6795D935D831B2C0C45DF8AF;
		};
		03E19AA7FC6FB6287D8C5AF9 = {
			isa = PBXBuildFile;
			fileRef = 422591C95E17A87C4CE20D7E;
		};
		4AD41351B63E87636B067B0F = {
			isa = PBXBuildFile;
			fileRef = A9F2C0AD11C4F10AFDF520BC;
		};
		5566DF114312FA37C7C5B11F = {
			isa = PBXBuildFile;
			fileRef = 7BD3B025650530503C327CA4;
		};
		D484335042A25C8DCCC3BF18 = {
			isa = PBXBuildFile;
			fileRef = C444D4F47152B17F206400BE;
		};
		59F9ACF0D4F8EF2B8F777EBB = {
			isa = PBXBuildFile;
			fileRef = F701B1BFB7E7DA191B2F97D7;
		};
		0D79C7765964E8B54730F582 = {
			isa = PBXBuildFile;
			fileRef = 75854F9D79EB8EDD1475CB7E;
		};
		C79044F3D93FC42BFE0954CB = {
			isa = PBXBuildFile;
			fileRef = B07C005E7A5F7140C4F7ADD3;
		};
		90DED4686E5DA574930D1198 = {
			isa = PBXBuildFile;
			fileRef = 6C7E8376944646317EE24B55;
		};
		42EFEA425327FD7ED7595CD3 = {
			isa = PBXBuildFile;
			fileRef = 497097ABB424076258037838;
		};
		E92172E6A714275B0F0F21B1 = {
			isa = PBXBuildFile;
			fileRef = A5C9536F8EB8EE9644892C0B;
		};
		6CE8B0993FD9879861C39CFD = {
			isa = PBXBuildFile;
			fileRef = 6C07985521A5D9F913931286;
		};
		F37AF4351CFAC2EA75B68D68 = {
			isa = PBXBuildFile;
			fileRef = F718167FE8C18D6C3582B56B;
		};
		0DABAEE5F0501193168FCF29 = {
			isa = PBXFileReference;
			lastKnownFileType = sourcecode.cpp.cpp;
			name = EqualizerProcessor.cpp;
			path = ../../Source/EqualizerProcessor.cpp;
			sourceTree = "SOURCE_ROOT";
		};
		15038412465D33CEFDD72F5E = {
			isa = PBXFileReference;
			lastKnownFileType = file;
			name = "juce_events";
			path = "../../JuceLibraryCode/modules/juce_events";
			sourceTree = "SOURCE_ROOT";
		};
		1519B7DC65780F698200A22A = {
			isa = PBXFileReference;
			lastKnownFileType = file;
			name = "juce_cryptography";
			path = "../../JuceLibraryCode/modules/juce_cryptography";
			sourceTree = "SOURCE_ROOT";
		};
		154ED6C89A2DA3DFE4B5C025 = {
			isa = PBXFileReference;
			lastKnownFileType = sourcecode.cpp.objcpp;
			name = "include_juce_audio_plugin_client_AU_2.mm";
			path = "../../JuceLibraryCode/include_juce_audio_plugin_client_AU_2.mm";
			sourceTree = "SOURCE_ROOT";
		};
		1633AED56BDA58B62349001E = {
			isa = PBXFileReference;
			lastKnownFileType = file;
			name = "juce_audio_formats";
			path = "../../JuceLibraryCode/modules/juce_audio_formats";
			sourceTree = "SOURCE_ROOT";
		};
		1C17CEEC9B1E474CF82387D9 = {
			isa = PBXFileReference;
			lastKnownFileType = sourcecode.cpp.objcpp;
			name = "include_juce_audio_plugin_client_AU_1.mm";
			path = "../../JuceLibraryCode/include_juce_audio_plugin_client_AU_1.mm";
			sourceTree = "SOURCE_ROOT";
		};
		1E3670BFACB6BE04F4F6A5C0 = {
			isa = PBXFileReference;
			lastKnownFileType = file;
			name = "juce_audio_processors";
			path = "../../JuceLibraryCode/modules/juce_audio_processors";
			sourceTree = "SOURCE_ROOT";
		};
		1E5C5D8D41B91C7071EB7EEC = {
			isa = PBXFileReference;
			lastKnownFileType = wrapper.framework;
			name = CoreAudioKit.framework;
			path = System/Library/Frameworks/CoreAudioKit.framework;
			sourceTree = SDKROOT;
		};
		26AE5BE3AF46047B75DBE969 = {
			isa = PBXFileReference;
			lastKnownFileType = text.plist.xml;
			name = "Info-Standalone_Plugin.plist";
			path = "Info-Standalone_Plugin.plist";
			sourceTree = "SOURCE_ROOT";
		};
		3889500D72D7B30DD8F34529 = {
			isa = PBXFileReference;
			lastKnownFileType = sourcecode.c.h;
			name = AppConfig.h;
			path = ../../JuceLibraryCode/AppConfig.h;
			sourceTree = "SOURCE_ROOT";
		};
		3A89381C4052EF118B096F0D = {
			isa = PBXFileReference;
			lastKnownFileType = image.png;
			name = "Logo-DNV.png";
			path = "../../Resource/Logo-DNV.png";
			sourceTree = "SOURCE_ROOT";
		};
		3B18DE2E66E10A12EC5F9F33 = {
			isa = PBXFileReference;
			lastKnownFileType = sourcecode.cpp.cpp;
			name = BinaryData.cpp;
			path = ../../JuceLibraryCode/BinaryData.cpp;
			sourceTree = "SOURCE_ROOT";
		};
		3B5C346C52648037E85606BA = {
			isa = PBXFileReference;
			lastKnownFileType = sourcecode.c.h;
			name = SocialButtons.h;
			path = ../../Source/SocialButtons.h;
			sourceTree = "SOURCE_ROOT";
		};
		3B8DC32E756DB5C4E9733EEE = {
			isa = PBXFileReference;
			lastKnownFileType = text.plist.xml;
			name = Equalizer.entitlements;
			path = Equalizer.entitlements;
			sourceTree = "SOURCE_ROOT";
		};
		3B948B5F97A8C51499CA3983 = {
			isa = PBXFileReference;
			lastKnownFileType = file;
			name = "juce_audio_plugin_client";
			path = "../../JuceLibraryCode/modules/juce_audio_plugin_client";
			sourceTree = "SOURCE_ROOT";
		};
		422591C95E17A87C4CE20D7E = {
			isa = PBXFileReference;
			lastKnownFileType = sourcecode.cpp.cpp;
			name = "include_juce_audio_plugin_client_VST3.cpp";
			path = "../../JuceLibraryCode/include_juce_audio_plugin_client_VST3.cpp";
			sourceTree = "SOURCE_ROOT";
		};
		45CB9035BD189413E07ACC03 = {
			isa = PBXFileReference;
			lastKnownFileType = wrapper.framework;
			name = OpenGL.framework;
			path = System/Library/Frameworks/OpenGL.framework;
			sourceTree = SDKROOT;
		};
		497097ABB424076258037838 = {
			isa = PBXFileReference;
			lastKnownFileType = sourcecode.cpp.objcpp;
			name = "include_juce_graphics.mm";
			path = "../../JuceLibraryCode/include_juce_graphics.mm";
			sourceTree = "SOURCE_ROOT";
		};
		4EB3331F81A6202954F76FC4 = {
			isa = PBXFileReference;
			lastKnownFileType = file;
			name = "juce_data_structures";
			path = "../../JuceLibraryCode/modules/juce_data_structures";
			sourceTree = "SOURCE_ROOT";
		};
		54381C226EF7EC38B4536F09 = {
			isa = PBXFileReference;
			lastKnownFileType = wrapper.framework;
			name = WebKit.framework;
			path = System/Library/Frameworks/WebKit.framework;
			sourceTree = SDKROOT;
		};
		5800BD9E1626C8FA2FEA7B1C = {
			isa = PBXFileReference;
			lastKnownFileType = file;
			name = "juce_opengl";
			path = "../../JuceLibraryCode/modules/juce_opengl";
			sourceTree = "SOURCE_ROOT";
		};
		5B6A631367FC3BBCD73B4D0E = {
			isa = PBXFileReference;
			lastKnownFileType = image.png;
			name = "FB-logo.png";
			path = "../../Resource/FB-logo.png";
			sourceTree = "SOURCE_ROOT";
		};
		5BEC79A5B3ABA1F8555F8985 = {
			isa = PBXFileReference;
			lastKnownFileType = wrapper.framework;
			name = DiscRecording.framework;
			path = System/Library/Frameworks/DiscRecording.framework;
			sourceTree = SDKROOT;
		};
		6795D935D831B2C0C45DF8AF = {
			isa = PBXFileReference;
			lastKnownFileType = sourcecode.cpp.objcpp;
			name = "include_juce_audio_plugin_client_VST_utils.mm";
			path = "../../JuceLibraryCode/include_juce_audio_plugin_client_VST_utils.mm";
			sourceTree = "SOURCE_ROOT";
		};
		6C07985521A5D9F913931286 = {
			isa = PBXFileReference;
			lastKnownFileType = sourcecode.cpp.objcpp;
			name = "include_juce_gui_extra.mm";
			path = "../../JuceLibraryCode/include_juce_gui_extra.mm";
			sourceTree = "SOURCE_ROOT";
		};
		6C7E8376944646317EE24B55 = {
			isa = PBXFileReference;
			lastKnownFileType = sourcecode.cpp.objcpp;
			name = "include_juce_events.mm";
			path = "../../JuceLibraryCode/include_juce_events.mm";
			sourceTree = "SOURCE_ROOT";
		};
		70412FEA0CC89ABF38438BAB = {
			isa = PBXFileReference;
			lastKnownFileType = image.png;
			name = "GitLab-logo.png";
			path = "../../Resource/GitLab-logo.png";
			sourceTree = "SOURCE_ROOT";
		};
		734F452825CDD7D0D966598B = {
			isa = PBXFileReference;
			lastKnownFileType = file;
			name = "juce_audio_utils";
			path = "../../JuceLibraryCode/modules/juce_audio_utils";
			sourceTree = "SOURCE_ROOT";
		};
		751F42CB70A9D327E6AC0A37 = {
			isa = PBXFileReference;
			lastKnownFileType = wrapper.framework;
			name = QuartzCore.framework;
			path = System/Library/Frameworks/QuartzCore.framework;
			sourceTree = SDKROOT;
		};
		756AE527FAF5A5C1ACFACD74 = {
			isa = PBXFileReference;
			lastKnownFileType = sourcecode.cpp.objcpp;
			name = "include_juce_audio_devices.mm";
			path = "../../JuceLibraryCode/include_juce_audio_devices.mm";
			sourceTree = "SOURCE_ROOT";
		};
		75854F9D79EB8EDD1475CB7E = {
			isa = PBXFileReference;
			lastKnownFileType = sourcecode.cpp.objcpp;
			name = "include_juce_data_structures.mm";
			path = "../../JuceLibraryCode/include_juce_data_structures.mm";
			sourceTree = "SOURCE_ROOT";
		};
		774605E1C4A0F26E9AA83090 = {
			isa = PBXFileReference;
			lastKnownFileType = sourcecode.c.h;
			name = JuceHeader.h;
			path = ../../JuceLibraryCode/JuceHeader.h;
			sourceTree = "SOURCE_ROOT";
		};
		776A03D80E232A9BA92E054C = {
			isa = PBXFileReference;
			lastKnownFileType = file.nib;
			name = RecentFilesMenuTemplate.nib;
			path = RecentFilesMenuTemplate.nib;
			sourceTree = "SOURCE_ROOT";
		};
		797BD3A810A4453F2399C784 = {
			isa = PBXFileReference;
			lastKnownFileType = file;
			name = "juce_gui_extra";
			path = "../../JuceLibraryCode/modules/juce_gui_extra";
			sourceTree = "SOURCE_ROOT";
		};
		79EC70BDB93B5A340B96815C = {
			isa = PBXFileReference;
			lastKnownFileType = sourcecode.c.h;
			name = EqualizerEditor.h;
			path = ../../Source/EqualizerEditor.h;
			sourceTree = "SOURCE_ROOT";
		};
		7BD3B025650530503C327CA4 = {
			isa = PBXFileReference;
			lastKnownFileType = sourcecode.cpp.objcpp;
			name = "include_juce_audio_utils.mm";
			path = "../../JuceLibraryCode/include_juce_audio_utils.mm";
			sourceTree = "SOURCE_ROOT";
		};
		7DFF4F5E7DC3665421D5A929 = {
			isa = PBXFileReference;
			lastKnownFileType = sourcecode.c.h;
			name = EqualizerProcessor.h;
			path = ../../Source/EqualizerProcessor.h;
			sourceTree = "SOURCE_ROOT";
		};
		7F2AAAFFABFB534847E8B570 = {
			isa = PBXFileReference;
			lastKnownFileType = file;
			name = "juce_dsp";
			path = "../../JuceLibraryCode/modules/juce_dsp";
			sourceTree = "SOURCE_ROOT";
		};
		E6376AFBD2614785CFF31324 = {
			isa = PBXFileReference;
			explicitFileType = wrapper.cfbundle;
			includeInIndex = 0;
			path = Equalizer.vst3;
			sourceTree = "BUILT_PRODUCTS_DIR";
		};
		84FF1C37B6B6F02003EE7FE6 = {
			isa = PBXFileReference;
			explicitFileType = wrapper.cfbundle;
			includeInIndex = 0;
			path = Equalizer.component;
			sourceTree = "BUILT_PRODUCTS_DIR";
		};
		883F43DDA733CC7FA304AA74 = {
			isa = PBXFileReference;
			lastKnownFileType = text.plist.xml;
			name = "Info-VST3.plist";
			path = "Info-VST3.plist";
			sourceTree = "SOURCE_ROOT";
		};
		8F94B29C732F004F16F8340D = {
			isa = PBXFileReference;
			lastKnownFileType = sourcecode.cpp.objcpp;
			name = "include_juce_audio_formats.mm";
			path = "../../JuceLibraryCode/include_juce_audio_formats.mm";
			sourceTree = "SOURCE_ROOT";
		};
		92D7FC97C193BB8491D39961 = {
			isa = PBXFileReference;
			lastKnownFileType = file.r;
			name = "include_juce_audio_plugin_client_AU.r";
			path = "../../JuceLibraryCode/include_juce_audio_plugin_client_AU.r";
			sourceTree = "SOURCE_ROOT";
		};
		A5C9536F8EB8EE9644892C0B = {
			isa = PBXFileReference;
			lastKnownFileType = sourcecode.cpp.objcpp;
			name = "include_juce_gui_basics.mm";
			path = "../../JuceLibraryCode/include_juce_gui_basics.mm";
			sourceTree = "SOURCE_ROOT";
		};
		A9F2C0AD11C4F10AFDF520BC = {
			isa = PBXFileReference;
			lastKnownFileType = sourcecode.cpp.objcpp;
			name = "include_juce_audio_processors.mm";
			path = "../../JuceLibraryCode/include_juce_audio_processors.mm";
			sourceTree = "SOURCE_ROOT";
		};
		ABD21AA6940D6AAC85E81CC8 = {
			isa = PBXFileReference;
			lastKnownFileType = wrapper.framework;
			name = Cocoa.framework;
			path = System/Library/Frameworks/Cocoa.framework;
			sourceTree = SDKROOT;
		};
		B07C005E7A5F7140C4F7ADD3 = {
			isa = PBXFileReference;
			lastKnownFileType = sourcecode.cpp.objcpp;
			name = "include_juce_dsp.mm";
			path = "../../JuceLibraryCode/include_juce_dsp.mm";
			sourceTree = "SOURCE_ROOT";
		};
		B3BEE0934022807A1DAE6838 = {
			isa = PBXFileReference;
			lastKnownFileType = file;
			name = "juce_gui_basics";
			path = "../../JuceLibraryCode/modules/juce_gui_basics";
			sourceTree = "SOURCE_ROOT";
		};
		B577DF7E9C4EDB55C64FF104 = {
			isa = PBXFileReference;
			lastKnownFileType = sourcecode.c.h;
			name = BinaryData.h;
			path = ../../JuceLibraryCode/BinaryData.h;
			sourceTree = "SOURCE_ROOT";
		};
		B8C6B6304E0438FCAF1BB3D7 = {
			isa = PBXFileReference;
			lastKnownFileType = file;
			name = "juce_audio_basics";
			path = "../../JuceLibraryCode/modules/juce_audio_basics";
			sourceTree = "SOURCE_ROOT";
		};
		B8E27849885268A161FDEC52 = {
			isa = PBXFileReference;
			lastKnownFileType = text.plist.xml;
			name = "Info-AU.plist";
			path = "Info-AU.plist";
			sourceTree = "SOURCE_ROOT";
		};
		BB86C5AF630C34B7AB7F5017 = {
			isa = PBXFileReference;
			explicitFileType = wrapper.application;
			includeInIndex = 0;
			path = Equalizer.app;
			sourceTree = "BUILT_PRODUCTS_DIR";
		};
		AB76CFEC75A6F1C95C4CF8C7 = {
			isa = PBXFileReference;
			explicitFileType = archive.ar;
			includeInIndex = 0;
			path = libEqualizer.a;
			sourceTree = "BUILT_PRODUCTS_DIR";
		};
		BD3BD897DB9A1DC552B3634C = {
			isa = PBXFileReference;
			lastKnownFileType = sourcecode.cpp.cpp;
			name = "include_juce_audio_plugin_client_utils.cpp";
			path = "../../JuceLibraryCode/include_juce_audio_plugin_client_utils.cpp";
			sourceTree = "SOURCE_ROOT";
		};
		C444D4F47152B17F206400BE = {
			isa = PBXFileReference;
			lastKnownFileType = sourcecode.cpp.objcpp;
			name = "include_juce_core.mm";
			path = "../../JuceLibraryCode/include_juce_core.mm";
			sourceTree = "SOURCE_ROOT";
		};
		C98F83C652B30AFA334E099E = {
			isa = PBXFileReference;
			lastKnownFileType = sourcecode.c.h;
			name = Analyser.h;
			path = ../../Source/Analyser.h;
			sourceTree = "SOURCE_ROOT";
		};
		CC08CF2E424E74F508C43669 = {
			isa = PBXFileReference;
			lastKnownFileType = file;
			name = "juce_audio_devices";
			path = "../../JuceLibraryCode/modules/juce_audio_devices";
			sourceTree = "SOURCE_ROOT";
		};
		CD15D27E84A28C1BC01196EC = {
			isa = PBXFileReference;
			lastKnownFileType = wrapper.framework;
			name = IOKit.framework;
			path = System/Library/Frameworks/IOKit.framework;
			sourceTree = SDKROOT;
		};
		CE3D32E20D36CD8F4D1E20ED = {
			isa = PBXFileReference;
			lastKnownFileType = sourcecode.cpp.objcpp;
			name = "include_juce_audio_basics.mm";
			path = "../../JuceLibraryCode/include_juce_audio_basics.mm";
			sourceTree = "SOURCE_ROOT";
		};
		CFC63FAC289820C4DAF22844 = {
			isa = PBXFileReference;
			lastKnownFileType = sourcecode.cpp.cpp;
			name = "include_juce_audio_plugin_client_Standalone.cpp";
			path = "../../JuceLibraryCode/include_juce_audio_plugin_client_Standalone.cpp";
			sourceTree = "SOURCE_ROOT";
		};
		D0EB1284BB58E1B3588297E5 = {
			isa = PBXFileReference;
			lastKnownFileType = wrapper.framework;
			name = AudioUnit.framework;
			path = System/Library/Frameworks/AudioUnit.framework;
			sourceTree = SDKROOT;
		};
		D2258B8F7C6B0AF9F1C4FF6B = {
			isa = PBXFileReference;
			lastKnownFileType = file;
			name = "juce_graphics";
			path = "../../JuceLibraryCode/modules/juce_graphics";
			sourceTree = "SOURCE_ROOT";
		};
		D2960C43AC79DAB07B5DD5BE = {
			isa = PBXFileReference;
			lastKnownFileType = wrapper.framework;
			name = Carbon.framework;
			path = System/Library/Frameworks/Carbon.framework;
			sourceTree = SDKROOT;
		};
		E4D80F06BF24088D1C86FB1C = {
			isa = PBXFileReference;
			lastKnownFileType = image.png;
			name = "In-logo.png";
			path = "../../Resource/In-logo.png";
			sourceTree = "SOURCE_ROOT";
		};
		EC7CAD463480A847E895D008 = {
			isa = PBXFileReference;
			lastKnownFileType = image.png;
			name = "DNV-text.png";
			path = "../../Resource/DNV-text.png";
			sourceTree = "SOURCE_ROOT";
		};
		F4E885252F3176C347E6AE16 = {
			isa = PBXFileReference;
			lastKnownFileType = wrapper.framework;
			name = CoreAudio.framework;
			path = System/Library/Frameworks/CoreAudio.framework;
			sourceTree = SDKROOT;
		};
		F5967A20FCE579A9A3D76B10 = {
			isa = PBXFileReference;
			lastKnownFileType = wrapper.framework;
			name = AudioToolbox.framework;
			path = System/Library/Frameworks/AudioToolbox.framework;
			sourceTree = SDKROOT;
		};
		F701B1BFB7E7DA191B2F97D7 = {
			isa = PBXFileReference;
			lastKnownFileType = sourcecode.cpp.objcpp;
			name = "include_juce_cryptography.mm";
			path = "../../JuceLibraryCode/include_juce_cryptography.mm";
			sourceTree = "SOURCE_ROOT";
		};
		F718167FE8C18D6C3582B56B = {
			isa = PBXFileReference;
			lastKnownFileType = sourcecode.cpp.objcpp;
			name = "include_juce_opengl.mm";
			path = "../../JuceLibraryCode/include_juce_opengl.mm";
			sourceTree = "SOURCE_ROOT";
		};
		F8020EB1CA9FEB8304A5F127 = {
			isa = PBXFileReference;
			lastKnownFileType = file;
			name = "juce_core";
			path = "../../JuceLibraryCode/modules/juce_core";
			sourceTree = "SOURCE_ROOT";
		};
		F80AB1C5617761B37C72BAAE = {
			isa = PBXFileReference;
			lastKnownFileType = wrapper.framework;
			name = Accelerate.framework;
			path = System/Library/Frameworks/Accelerate.framework;
			sourceTree = SDKROOT;
		};
		FB4FD2E914626D4DAFB537BF = {
			isa = PBXFileReference;
			lastKnownFileType = wrapper.framework;
			name = CoreMIDI.framework;
			path = System/Library/Frameworks/CoreMIDI.framework;
			sourceTree = SDKROOT;
		};
		FFBE336768C3AEDC116F1652 = {
			isa = PBXFileReference;
			lastKnownFileType = sourcecode.cpp.cpp;
			name = EqualizerEditor.cpp;
			path = ../../Source/EqualizerEditor.cpp;
			sourceTree = "SOURCE_ROOT";
		};
		A43FB88AECAB02D64521490D = {
			isa = PBXGroup;
			children = (
				3B5C346C52648037E85606BA,
				7DFF4F5E7DC3665421D5A929,
				FFBE336768C3AEDC116F1652,
				0DABAEE5F0501193168FCF29,
				79EC70BDB93B5A340B96815C,
				C98F83C652B30AFA334E099E,
			);
			name = Source;
			sourceTree = "<group>";
		};
		11647D3D2CFD209D8BD7D5A9 = {
			isa = PBXGroup;
			children = (
				5B6A631367FC3BBCD73B4D0E,
				EC7CAD463480A847E895D008,
				70412FEA0CC89ABF38438BAB,
				E4D80F06BF24088D1C86FB1C,
				3A89381C4052EF118B096F0D,
			);
			name = Resource;
			sourceTree = "<group>";
		};
		BCE6EB05578524DAE37B2323 = {
			isa = PBXGroup;
			children = (
				A43FB88AECAB02D64521490D,
				11647D3D2CFD209D8BD7D5A9,
			);
			name = Equalizer;
			sourceTree = "<group>";
		};
		A58224911FBDBCD9B8DA154B = {
			isa = PBXGroup;
			children = (
				B8C6B6304E0438FCAF1BB3D7,
				CC08CF2E424E74F508C43669,
				1633AED56BDA58B62349001E,
				3B948B5F97A8C51499CA3983,
				1E3670BFACB6BE04F4F6A5C0,
				734F452825CDD7D0D966598B,
				F8020EB1CA9FEB8304A5F127,
				1519B7DC65780F698200A22A,
				4EB3331F81A6202954F76FC4,
				7F2AAAFFABFB534847E8B570,
				15038412465D33CEFDD72F5E,
				D2258B8F7C6B0AF9F1C4FF6B,
				B3BEE0934022807A1DAE6838,
				797BD3A810A4453F2399C784,
				5800BD9E1626C8FA2FEA7B1C,
			);
			name = "JUCE Modules";
			sourceTree = "<group>";
		};
		0C7CE89F1E502DC7C555FEE1 = {
			isa = PBXGroup;
			children = (
				3889500D72D7B30DD8F34529,
				3B18DE2E66E10A12EC5F9F33,
				B577DF7E9C4EDB55C64FF104,
				CE3D32E20D36CD8F4D1E20ED,
				756AE527FAF5A5C1ACFACD74,
				8F94B29C732F004F16F8340D,
				92D7FC97C193BB8491D39961,
				1C17CEEC9B1E474CF82387D9,
				154ED6C89A2DA3DFE4B5C025,
				CFC63FAC289820C4DAF22844,
				BD3BD897DB9A1DC552B3634C,
				6795D935D831B2C0C45DF8AF,
				422591C95E17A87C4CE20D7E,
				A9F2C0AD11C4F10AFDF520BC,
				7BD3B025650530503C327CA4,
				C444D4F47152B17F206400BE,
				F701B1BFB7E7DA191B2F97D7,
				75854F9D79EB8EDD1475CB7E,
				B07C005E7A5F7140C4F7ADD3,
				6C7E8376944646317EE24B55,
				497097ABB424076258037838,
				A5C9536F8EB8EE9644892C0B,
				6C07985521A5D9F913931286,
				F718167FE8C18D6C3582B56B,
				774605E1C4A0F26E9AA83090,
			);
			name = "JUCE Library Code";
			sourceTree = "<group>";
		};
		C2C93974E185C9F7AE7635EE = {
			isa = PBXGroup;
			children = (
				883F43DDA733CC7FA304AA74,
				B8E27849885268A161FDEC52,
				26AE5BE3AF46047B75DBE969,
				776A03D80E232A9BA92E054C,
			);
			name = Resources;
			sourceTree = "<group>";
		};
		DC401081470E54818DBB387A = {
			isa = PBXGroup;
			children = (
				F80AB1C5617761B37C72BAAE,
				F5967A20FCE579A9A3D76B10,
				D0EB1284BB58E1B3588297E5,
				D2960C43AC79DAB07B5DD5BE,
				ABD21AA6940D6AAC85E81CC8,
				F4E885252F3176C347E6AE16,
				1E5C5D8D41B91C7071EB7EEC,
				FB4FD2E914626D4DAFB537BF,
				5BEC79A5B3ABA1F8555F8985,
				CD15D27E84A28C1BC01196EC,
				45CB9035BD189413E07ACC03,
				751F42CB70A9D327E6AC0A37,
				54381C226EF7EC38B4536F09,
			);
			name = Frameworks;
			sourceTree = "<group>";
		};
		F7AEEC3CB148BD02F06CF5B0 = {
			isa = PBXGroup;
			children = (
				E6376AFBD2614785CFF31324,
				84FF1C37B6B6F02003EE7FE6,
				BB86C5AF630C34B7AB7F5017,
				AB76CFEC75A6F1C95C4CF8C7,
			);
			name = Products;
			sourceTree = "<group>";
		};
		BE8F4693FDB60C84D116CD56 = {
			isa = PBXGroup;
			children = (
				3B8DC32E756DB5C4E9733EEE,
				BCE6EB05578524DAE37B2323,
				A58224911FBDBCD9B8DA154B,
				0C7CE89F1E502DC7C555FEE1,
				C2C93974E185C9F7AE7635EE,
				DC401081470E54818DBB387A,
				F7AEEC3CB148BD02F06CF5B0,
			);
			name = Source;
			sourceTree = "<group>";
		};
		117482B04BCF7C6C9E20CC3F = {
			isa = XCBuildConfiguration;
			buildSettings = {
				MACOSX_DEPLOYMENT_TARGET = 10.11;
			};
			name = Debug;
		};
		6A3FC1B2E10233737112D206 = {
			isa = XCBuildConfiguration;
			buildSettings = {
				MACOSX_DEPLOYMENT_TARGET = 10.11;
			};
			name = Release;
		};
		0474725A9BE9D6586268942D = {
			isa = XCBuildConfiguration;
			buildSettings = {
				CLANG_CXX_LANGUAGE_STANDARD = "c++14";
				CLANG_CXX_LIBRARY = "libc++";
				CLANG_LINK_OBJC_RUNTIME = NO;
				COMBINE_HIDPI_IMAGES = YES;
				CONFIGURATION_BUILD_DIR = "$(PROJECT_DIR)/build/$(CONFIGURATION)";
				COPY_PHASE_STRIP = NO;
				DEPLOYMENT_LOCATION = YES;
				DSTROOT = /;
				GCC_DYNAMIC_NO_PIC = NO;
				GCC_OPTIMIZATION_LEVEL = 0;
				GCC_PREPROCESSOR_DEFINITIONS = (
					"_DEBUG=1",
					"DEBUG=1",
					"JUCER_XCODE_MAC_F6D2F4CF=1",
					"JUCE_APP_VERSION=1.0.0",
					"JUCE_APP_VERSION_HEX=0x10000",
					"JucePlugin_Build_VST=0",
					"JucePlugin_Build_VST3=1",
					"JucePlugin_Build_AU=0",
					"JucePlugin_Build_AUv3=0",
					"JucePlugin_Build_RTAS=0",
					"JucePlugin_Build_AAX=0",
					"JucePlugin_Build_Standalone=0",
					"JucePlugin_Build_Unity=0",
				);
				GCC_VERSION = com.apple.compilers.llvm.clang.1_0;
				GENERATE_PKGINFO_FILE = YES;
				HEADER_SEARCH_PATHS = (
					"../../JuceLibraryCode/modules/juce_audio_processors/format_types/VST3_SDK",
					"../../JuceLibraryCode",
					"../../JuceLibraryCode/modules",
					"../../JuceLibraryCode/modules/juce_audio_plugin_client",
					"$(inherited)",
				);
				INFOPLIST_FILE = Info-VST3.plist;
				INFOPLIST_PREPROCESS = NO;
				INSTALL_PATH = "$(HOME)/Library/Audio/Plug-Ins/VST3/";
				LIBRARY_STYLE = Bundle;
				MACOSX_DEPLOYMENT_TARGET = 10.11;
				OTHER_LDFLAGS = "-bundle -lEqualizer";
				PRODUCT_BUNDLE_IDENTIFIER = com.DNV.Equalizer;
				PRODUCT_NAME = "Equalizer";
				USE_HEADERMAP = NO;
				WRAPPER_EXTENSION = vst3;
			};
			name = Debug;
		};
		CDD62E65BCE3D7D87D5A7B77 = {
			isa = XCBuildConfiguration;
			buildSettings = {
				CLANG_CXX_LANGUAGE_STANDARD = "c++14";
				CLANG_CXX_LIBRARY = "libc++";
				CLANG_LINK_OBJC_RUNTIME = NO;
				COMBINE_HIDPI_IMAGES = YES;
				CONFIGURATION_BUILD_DIR = "$(PROJECT_DIR)/build/$(CONFIGURATION)";
				DEAD_CODE_STRIPPING = YES;
				DEPLOYMENT_LOCATION = YES;
				DSTROOT = /;
				GCC_GENERATE_DEBUGGING_SYMBOLS = NO;
				GCC_OPTIMIZATION_LEVEL = 3;
				GCC_PREPROCESSOR_DEFINITIONS = (
					"_NDEBUG=1",
					"NDEBUG=1",
					"JUCER_XCODE_MAC_F6D2F4CF=1",
					"JUCE_APP_VERSION=1.0.0",
					"JUCE_APP_VERSION_HEX=0x10000",
					"JucePlugin_Build_VST=0",
					"JucePlugin_Build_VST3=1",
					"JucePlugin_Build_AU=0",
					"JucePlugin_Build_AUv3=0",
					"JucePlugin_Build_RTAS=0",
					"JucePlugin_Build_AAX=0",
					"JucePlugin_Build_Standalone=0",
					"JucePlugin_Build_Unity=0",
				);
				GCC_SYMBOLS_PRIVATE_EXTERN = YES;
				GCC_VERSION = com.apple.compilers.llvm.clang.1_0;
				GENERATE_PKGINFO_FILE = YES;
				HEADER_SEARCH_PATHS = (
					"../../JuceLibraryCode/modules/juce_audio_processors/format_types/VST3_SDK",
					"../../JuceLibraryCode",
					"../../JuceLibraryCode/modules",
					"../../JuceLibraryCode/modules/juce_audio_plugin_client",
					"$(inherited)",
				);
				INFOPLIST_FILE = Info-VST3.plist;
				INFOPLIST_PREPROCESS = NO;
				INSTALL_PATH = "$(HOME)/Library/Audio/Plug-Ins/VST3/";
				LIBRARY_STYLE = Bundle;
				LLVM_LTO = YES;
				MACOSX_DEPLOYMENT_TARGET = 10.11;
				OTHER_LDFLAGS = "-bundle -lEqualizer";
				PRODUCT_BUNDLE_IDENTIFIER = com.DNV.Equalizer;
				PRODUCT_NAME = "Equalizer";
				USE_HEADERMAP = NO;
				WRAPPER_EXTENSION = vst3;
			};
			name = Release;
		};
		C9E31BF27E8DA9585B63B533 = {
			isa = XCBuildConfiguration;
			buildSettings = {
				CLANG_CXX_LANGUAGE_STANDARD = "c++14";
				CLANG_CXX_LIBRARY = "libc++";
				CLANG_LINK_OBJC_RUNTIME = NO;
				COMBINE_HIDPI_IMAGES = YES;
				CONFIGURATION_BUILD_DIR = "$(PROJECT_DIR)/build/$(CONFIGURATION)";
				COPY_PHASE_STRIP = NO;
				DEPLOYMENT_LOCATION = YES;
				DSTROOT = /;
				GCC_DYNAMIC_NO_PIC = NO;
				GCC_OPTIMIZATION_LEVEL = 0;
				GCC_PREPROCESSOR_DEFINITIONS = (
					"_DEBUG=1",
					"DEBUG=1",
					"JUCER_XCODE_MAC_F6D2F4CF=1",
					"JUCE_APP_VERSION=1.0.0",
					"JUCE_APP_VERSION_HEX=0x10000",
					"JucePlugin_Build_VST=0",
					"JucePlugin_Build_VST3=0",
					"JucePlugin_Build_AU=1",
					"JucePlugin_Build_AUv3=0",
					"JucePlugin_Build_RTAS=0",
					"JucePlugin_Build_AAX=0",
					"JucePlugin_Build_Standalone=0",
					"JucePlugin_Build_Unity=0",
				);
				GCC_VERSION = com.apple.compilers.llvm.clang.1_0;
				GENERATE_PKGINFO_FILE = YES;
				HEADER_SEARCH_PATHS = (
					"../../JuceLibraryCode/modules/juce_audio_processors/format_types/VST3_SDK",
					"../../JuceLibraryCode",
					"../../JuceLibraryCode/modules",
					"../../JuceLibraryCode/modules/juce_audio_plugin_client",
					"$(inherited)",
				);
				INFOPLIST_FILE = Info-AU.plist;
				INFOPLIST_PREPROCESS = NO;
				INSTALL_PATH = "$(HOME)/Library/Audio/Plug-Ins/Components/";
				LIBRARY_STYLE = Bundle;
				MACOSX_DEPLOYMENT_TARGET = 10.11;
				OTHER_LDFLAGS = "-bundle -lEqualizer";
				OTHER_REZFLAGS = "-d ppc_$ppc -d i386_$i386 -d ppc64_$ppc64 -d x86_64_$x86_64 -I /System/Library/Frameworks/CoreServices.framework/Frameworks/CarbonCore.framework/Versions/A/Headers -I \"$(DEVELOPER_DIR)/Extras/CoreAudio/AudioUnits/AUPublic/AUBase\"";
				PRODUCT_BUNDLE_IDENTIFIER = com.DNV.Equalizer;
				PRODUCT_NAME = "Equalizer";
				USE_HEADERMAP = NO;
				WRAPPER_EXTENSION = component;
			};
			name = Debug;
		};
		CCC7D2B8A97E904BE5E58F2A = {
			isa = XCBuildConfiguration;
			buildSettings = {
				CLANG_CXX_LANGUAGE_STANDARD = "c++14";
				CLANG_CXX_LIBRARY = "libc++";
				CLANG_LINK_OBJC_RUNTIME = NO;
				COMBINE_HIDPI_IMAGES = YES;
				CONFIGURATION_BUILD_DIR = "$(PROJECT_DIR)/build/$(CONFIGURATION)";
				DEAD_CODE_STRIPPING = YES;
				DEPLOYMENT_LOCATION = YES;
				DSTROOT = /;
				GCC_GENERATE_DEBUGGING_SYMBOLS = NO;
				GCC_OPTIMIZATION_LEVEL = 3;
				GCC_PREPROCESSOR_DEFINITIONS = (
					"_NDEBUG=1",
					"NDEBUG=1",
					"JUCER_XCODE_MAC_F6D2F4CF=1",
					"JUCE_APP_VERSION=1.0.0",
					"JUCE_APP_VERSION_HEX=0x10000",
					"JucePlugin_Build_VST=0",
					"JucePlugin_Build_VST3=0",
					"JucePlugin_Build_AU=1",
					"JucePlugin_Build_AUv3=0",
					"JucePlugin_Build_RTAS=0",
					"JucePlugin_Build_AAX=0",
					"JucePlugin_Build_Standalone=0",
					"JucePlugin_Build_Unity=0",
				);
				GCC_SYMBOLS_PRIVATE_EXTERN = YES;
				GCC_VERSION = com.apple.compilers.llvm.clang.1_0;
				GENERATE_PKGINFO_FILE = YES;
				HEADER_SEARCH_PATHS = (
					"../../JuceLibraryCode/modules/juce_audio_processors/format_types/VST3_SDK",
					"../../JuceLibraryCode",
					"../../JuceLibraryCode/modules",
					"../../JuceLibraryCode/modules/juce_audio_plugin_client",
					"$(inherited)",
				);
				INFOPLIST_FILE = Info-AU.plist;
				INFOPLIST_PREPROCESS = NO;
				INSTALL_PATH = "$(HOME)/Library/Audio/Plug-Ins/Components/";
				LIBRARY_STYLE = Bundle;
				LLVM_LTO = YES;
				MACOSX_DEPLOYMENT_TARGET = 10.11;
				OTHER_LDFLAGS = "-bundle -lEqualizer";
				OTHER_REZFLAGS = "-d ppc_$ppc -d i386_$i386 -d ppc64_$ppc64 -d x86_64_$x86_64 -I /System/Library/Frameworks/CoreServices.framework/Frameworks/CarbonCore.framework/Versions/A/Headers -I \"$(DEVELOPER_DIR)/Extras/CoreAudio/AudioUnits/AUPublic/AUBase\"";
				PRODUCT_BUNDLE_IDENTIFIER = com.DNV.Equalizer;
				PRODUCT_NAME = "Equalizer";
				USE_HEADERMAP = NO;
				WRAPPER_EXTENSION = component;
			};
			name = Release;
		};
		DB483739BB9FB61FF1018244 = {
			isa = XCBuildConfiguration;
			buildSettings = {
				CLANG_CXX_LANGUAGE_STANDARD = "c++14";
				CLANG_CXX_LIBRARY = "libc++";
				CLANG_LINK_OBJC_RUNTIME = NO;
				COMBINE_HIDPI_IMAGES = YES;
				CONFIGURATION_BUILD_DIR = "$(PROJECT_DIR)/build/$(CONFIGURATION)";
				COPY_PHASE_STRIP = NO;
				GCC_DYNAMIC_NO_PIC = NO;
				GCC_OPTIMIZATION_LEVEL = 0;
				GCC_PREPROCESSOR_DEFINITIONS = (
					"_DEBUG=1",
					"DEBUG=1",
					"JUCER_XCODE_MAC_F6D2F4CF=1",
					"JUCE_APP_VERSION=1.0.0",
					"JUCE_APP_VERSION_HEX=0x10000",
					"JucePlugin_Build_VST=0",
					"JucePlugin_Build_VST3=0",
					"JucePlugin_Build_AU=0",
					"JucePlugin_Build_AUv3=0",
					"JucePlugin_Build_RTAS=0",
					"JucePlugin_Build_AAX=0",
					"JucePlugin_Build_Standalone=1",
					"JucePlugin_Build_Unity=0",
				);
				GCC_VERSION = com.apple.compilers.llvm.clang.1_0;
				HEADER_SEARCH_PATHS = (
					"../../JuceLibraryCode/modules/juce_audio_processors/format_types/VST3_SDK",
					"../../JuceLibraryCode",
					"../../JuceLibraryCode/modules",
					"../../JuceLibraryCode/modules/juce_audio_plugin_client",
					"$(inherited)",
				);
				INFOPLIST_FILE = Info-Standalone_Plugin.plist;
				INFOPLIST_PREPROCESS = NO;
				MACOSX_DEPLOYMENT_TARGET = 10.11;
				OTHER_LDFLAGS = "-lEqualizer";
				PRODUCT_BUNDLE_IDENTIFIER = com.DNV.Equalizer;
				PRODUCT_NAME = "Equalizer";
				USE_HEADERMAP = NO;
			};
			name = Debug;
		};
		25DDC620B147877A194A3D76 = {
			isa = XCBuildConfiguration;
			buildSettings = {
				CLANG_CXX_LANGUAGE_STANDARD = "c++14";
				CLANG_CXX_LIBRARY = "libc++";
				CLANG_LINK_OBJC_RUNTIME = NO;
				COMBINE_HIDPI_IMAGES = YES;
				CONFIGURATION_BUILD_DIR = "$(PROJECT_DIR)/build/$(CONFIGURATION)";
				DEAD_CODE_STRIPPING = YES;
				GCC_GENERATE_DEBUGGING_SYMBOLS = NO;
				GCC_OPTIMIZATION_LEVEL = 3;
				GCC_PREPROCESSOR_DEFINITIONS = (
					"_NDEBUG=1",
					"NDEBUG=1",
					"JUCER_XCODE_MAC_F6D2F4CF=1",
					"JUCE_APP_VERSION=1.0.0",
					"JUCE_APP_VERSION_HEX=0x10000",
					"JucePlugin_Build_VST=0",
					"JucePlugin_Build_VST3=0",
					"JucePlugin_Build_AU=0",
					"JucePlugin_Build_AUv3=0",
					"JucePlugin_Build_RTAS=0",
					"JucePlugin_Build_AAX=0",
					"JucePlugin_Build_Standalone=1",
					"JucePlugin_Build_Unity=0",
				);
				GCC_SYMBOLS_PRIVATE_EXTERN = YES;
				GCC_VERSION = com.apple.compilers.llvm.clang.1_0;
				HEADER_SEARCH_PATHS = (
					"../../JuceLibraryCode/modules/juce_audio_processors/format_types/VST3_SDK",
					"../../JuceLibraryCode",
					"../../JuceLibraryCode/modules",
					"../../JuceLibraryCode/modules/juce_audio_plugin_client",
					"$(inherited)",
				);
				INFOPLIST_FILE = Info-Standalone_Plugin.plist;
				INFOPLIST_PREPROCESS = NO;
				LLVM_LTO = YES;
				MACOSX_DEPLOYMENT_TARGET = 10.11;
				OTHER_LDFLAGS = "-lEqualizer";
				PRODUCT_BUNDLE_IDENTIFIER = com.DNV.Equalizer;
				PRODUCT_NAME = "Equalizer";
				USE_HEADERMAP = NO;
			};
			name = Release;
		};
		95F3C52D3CA80F37CF46FDCD = {
			isa = XCBuildConfiguration;
			buildSettings = {
				CLANG_CXX_LANGUAGE_STANDARD = "c++14";
				CLANG_CXX_LIBRARY = "libc++";
				CLANG_LINK_OBJC_RUNTIME = NO;
				COMBINE_HIDPI_IMAGES = YES;
				CONFIGURATION_BUILD_DIR = "$(PROJECT_DIR)/build/$(CONFIGURATION)";
				COPY_PHASE_STRIP = NO;
				GCC_DYNAMIC_NO_PIC = NO;
				GCC_OPTIMIZATION_LEVEL = 0;
				GCC_PREPROCESSOR_DEFINITIONS = (
					"_DEBUG=1",
					"DEBUG=1",
					"JUCER_XCODE_MAC_F6D2F4CF=1",
					"JUCE_APP_VERSION=1.0.0",
					"JUCE_APP_VERSION_HEX=0x10000",
					"JucePlugin_Build_VST=0",
					"JucePlugin_Build_VST3=1",
					"JucePlugin_Build_AU=1",
					"JucePlugin_Build_AUv3=0",
					"JucePlugin_Build_RTAS=0",
					"JucePlugin_Build_AAX=0",
					"JucePlugin_Build_Standalone=1",
					"JucePlugin_Build_Unity=0",
					"JUCE_SHARED_CODE=1",
				);
				GCC_VERSION = com.apple.compilers.llvm.clang.1_0;
				HEADER_SEARCH_PATHS = (
					"../../JuceLibraryCode/modules/juce_audio_processors/format_types/VST3_SDK",
					"../../JuceLibraryCode",
					"../../JuceLibraryCode/modules",
					"../../JuceLibraryCode/modules/juce_audio_plugin_client",
					"$(inherited)",
				);
				INSTALL_PATH = "@executable_path/../Frameworks";
				MACOSX_DEPLOYMENT_TARGET = 10.11;
				PRODUCT_BUNDLE_IDENTIFIER = com.DNV.Equalizer;
				PRODUCT_NAME = "Equalizer";
				SKIP_INSTALL = YES;
				USE_HEADERMAP = NO;
			};
			name = Debug;
		};
		16527B5581A7E230BC8B9D45 = {
			isa = XCBuildConfiguration;
			buildSettings = {
				CLANG_CXX_LANGUAGE_STANDARD = "c++14";
				CLANG_CXX_LIBRARY = "libc++";
				CLANG_LINK_OBJC_RUNTIME = NO;
				COMBINE_HIDPI_IMAGES = YES;
				CONFIGURATION_BUILD_DIR = "$(PROJECT_DIR)/build/$(CONFIGURATION)";
				DEAD_CODE_STRIPPING = YES;
				GCC_GENERATE_DEBUGGING_SYMBOLS = NO;
				GCC_OPTIMIZATION_LEVEL = 3;
				GCC_PREPROCESSOR_DEFINITIONS = (
					"_NDEBUG=1",
					"NDEBUG=1",
					"JUCER_XCODE_MAC_F6D2F4CF=1",
					"JUCE_APP_VERSION=1.0.0",
					"JUCE_APP_VERSION_HEX=0x10000",
					"JucePlugin_Build_VST=0",
					"JucePlugin_Build_VST3=1",
					"JucePlugin_Build_AU=1",
					"JucePlugin_Build_AUv3=0",
					"JucePlugin_Build_RTAS=0",
					"JucePlugin_Build_AAX=0",
					"JucePlugin_Build_Standalone=1",
					"JucePlugin_Build_Unity=0",
					"JUCE_SHARED_CODE=1",
				);
				GCC_SYMBOLS_PRIVATE_EXTERN = YES;
				GCC_VERSION = com.apple.compilers.llvm.clang.1_0;
				HEADER_SEARCH_PATHS = (
					"../../JuceLibraryCode/modules/juce_audio_processors/format_types/VST3_SDK",
					"../../JuceLibraryCode",
					"../../JuceLibraryCode/modules",
					"../../JuceLibraryCode/modules/juce_audio_plugin_client",
					"$(inherited)",
				);
				INSTALL_PATH = "@executable_path/../Frameworks";
				LLVM_LTO = YES;
				MACOSX_DEPLOYMENT_TARGET = 10.11;
				PRODUCT_BUNDLE_IDENTIFIER = com.DNV.Equalizer;
				PRODUCT_NAME = "Equalizer";
				SKIP_INSTALL = YES;
				USE_HEADERMAP = NO;
			};
			name = Release;
		};
		25DD7EEC6AAADF82E41D4AF1 = {
			isa = XCBuildConfiguration;
			buildSettings = {
				ALWAYS_SEARCH_USER_PATHS = NO;
				CLANG_ENABLE_OBJC_WEAK = YES;
				CLANG_WARN_BLOCK_CAPTURE_AUTORELEASING = YES;
				CLANG_WARN_BOOL_CONVERSION = YES;
				CLANG_WARN_COMMA = YES;
				CLANG_WARN_CONSTANT_CONVERSION = YES;
				CLANG_WARN_DEPRECATED_OBJC_IMPLEMENTATIONS = YES;
				CLANG_WARN_EMPTY_BODY = YES;
				CLANG_WARN_ENUM_CONVERSION = YES;
				CLANG_WARN_INFINITE_RECURSION = YES;
				CLANG_WARN_INT_CONVERSION = YES;
				CLANG_WARN_NON_LITERAL_NULL_CONVERSION = YES;
				CLANG_WARN_OBJC_IMPLICIT_RETAIN_SELF = YES;
				CLANG_WARN_OBJC_LITERAL_CONVERSION = YES;
				CLANG_WARN_RANGE_LOOP_ANALYSIS = YES;
				CLANG_WARN_STRICT_PROTOTYPES = YES;
				CLANG_WARN_SUSPICIOUS_MOVE = YES;
				CLANG_WARN_UNREACHABLE_CODE = YES;
				CLANG_WARN__DUPLICATE_METHOD_MATCH = YES;
				DEBUG_INFORMATION_FORMAT = dwarf;
				ENABLE_STRICT_OBJC_MSGSEND = YES;
				ENABLE_TESTABILITY = YES;
				GCC_C_LANGUAGE_STANDARD = c11;
				GCC_INLINES_ARE_PRIVATE_EXTERN = YES;
				GCC_MODEL_TUNING = G5;
				GCC_NO_COMMON_BLOCKS = YES;
				GCC_WARN_64_TO_32_BIT_CONVERSION = YES;
				GCC_WARN_ABOUT_RETURN_TYPE = YES;
				GCC_WARN_CHECK_SWITCH_STATEMENTS = YES;
				GCC_WARN_MISSING_PARENTHESES = YES;
				GCC_WARN_NON_VIRTUAL_DESTRUCTOR = YES;
				GCC_WARN_TYPECHECK_CALLS_TO_PRINTF = YES;
				GCC_WARN_UNDECLARED_SELECTOR = YES;
				GCC_WARN_UNINITIALIZED_AUTOS = YES;
				GCC_WARN_UNUSED_FUNCTION = YES;
				GCC_WARN_UNUSED_VARIABLE = YES;
				ONLY_ACTIVE_ARCH = YES;
				PRODUCT_NAME = "Equalizer";
				WARNING_CFLAGS = "-Wreorder";
				ZERO_LINK = NO;
			};
			name = Debug;
		};
		E540BB564EA9321F902B8E2D = {
			isa = XCBuildConfiguration;
			buildSettings = {
				ALWAYS_SEARCH_USER_PATHS = NO;
				CLANG_ENABLE_OBJC_WEAK = YES;
				CLANG_WARN_BLOCK_CAPTURE_AUTORELEASING = YES;
				CLANG_WARN_BOOL_CONVERSION = YES;
				CLANG_WARN_COMMA = YES;
				CLANG_WARN_CONSTANT_CONVERSION = YES;
				CLANG_WARN_DEPRECATED_OBJC_IMPLEMENTATIONS = YES;
				CLANG_WARN_EMPTY_BODY = YES;
				CLANG_WARN_ENUM_CONVERSION = YES;
				CLANG_WARN_INFINITE_RECURSION = YES;
				CLANG_WARN_INT_CONVERSION = YES;
				CLANG_WARN_NON_LITERAL_NULL_CONVERSION = YES;
				CLANG_WARN_OBJC_IMPLICIT_RETAIN_SELF = YES;
				CLANG_WARN_OBJC_LITERAL_CONVERSION = YES;
				CLANG_WARN_RANGE_LOOP_ANALYSIS = YES;
				CLANG_WARN_STRICT_PROTOTYPES = YES;
				CLANG_WARN_SUSPICIOUS_MOVE = YES;
				CLANG_WARN_UNREACHABLE_CODE = YES;
				CLANG_WARN__DUPLICATE_METHOD_MATCH = YES;
				DEBUG_INFORMATION_FORMAT = dwarf;
				ENABLE_STRICT_OBJC_MSGSEND = YES;
				GCC_C_LANGUAGE_STANDARD = c11;
				GCC_INLINES_ARE_PRIVATE_EXTERN = YES;
				GCC_MODEL_TUNING = G5;
				GCC_NO_COMMON_BLOCKS = YES;
				GCC_WARN_64_TO_32_BIT_CONVERSION = YES;
				GCC_WARN_ABOUT_RETURN_TYPE = YES;
				GCC_WARN_CHECK_SWITCH_STATEMENTS = YES;
				GCC_WARN_MISSING_PARENTHESES = YES;
				GCC_WARN_NON_VIRTUAL_DESTRUCTOR = YES;
				GCC_WARN_TYPECHECK_CALLS_TO_PRINTF = YES;
				GCC_WARN_UNDECLARED_SELECTOR = YES;
				GCC_WARN_UNINITIALIZED_AUTOS = YES;
				GCC_WARN_UNUSED_FUNCTION = YES;
				GCC_WARN_UNUSED_VARIABLE = YES;
				PRODUCT_NAME = "Equalizer";
				WARNING_CFLAGS = "-Wreorder";
				ZERO_LINK = NO;
			};
			name = Release;
		};
		94A9F95A2F4FBD68D412D69D = {
			isa = PBXTargetDependency;
			target = 13BDF22E05A897EAE80130B3;
		};
		B068EA5861C1344662AF984A = {
			isa = PBXTargetDependency;
			target = A3BB623130CBB09A51437E28;
		};
		8C985C819D34B8B4B26A46D7 = {
			isa = PBXTargetDependency;
			target = 6294797F6B4BD3B98DE3D772;
		};
		58234A8BA5EB9F5E5E46C663 = {
			isa = PBXTargetDependency;
			target = ECF816EA591653EC3161CA8A;
		};
		51B30F3D43D75C3E7E7902A9 = {
			isa = XCConfigurationList;
			buildConfigurations = (
				25DD7EEC6AAADF82E41D4AF1,
				E540BB564EA9321F902B8E2D,
			);
			defaultConfigurationIsVisible = 0;
			defaultConfigurationName = Debug;
		};
		BEFC4F5ED4A1D5BA142578C9 = {
			isa = XCConfigurationList;
			buildConfigurations = (
				117482B04BCF7C6C9E20CC3F,
				6A3FC1B2E10233737112D206,
			);
			defaultConfigurationIsVisible = 0;
			defaultConfigurationName = Debug;
		};
		7CFC3623ACC91EF5D9461CCB = {
			isa = PBXAggregateTarget;
			buildConfigurationList = BEFC4F5ED4A1D5BA142578C9;
			buildPhases = ( );
			buildRules = ( );
			dependencies = (
				94A9F95A2F4FBD68D412D69D,
				B068EA5861C1344662AF984A,
				8C985C819D34B8B4B26A46D7,
				58234A8BA5EB9F5E5E46C663,
			);
			name = "Equalizer - All";
			productName = Equalizer;
		};
		8B56425973386E1863133E66 = {
			isa = XCConfigurationList;
			buildConfigurations = (
				0474725A9BE9D6586268942D,
				CDD62E65BCE3D7D87D5A7B77,
			);
			defaultConfigurationIsVisible = 0;
			defaultConfigurationName = Debug;
		};
		E03DE00E5E4708B30352E254 = {
			isa = PBXResourcesBuildPhase;
			buildActionMask = 2147483647;
			files = (
				9DB02A221B2EC212F5A017FA,
			);
			runOnlyForDeploymentPostprocessing = 0;
		};
		B393E6A4927DD370F1FAE122 = {
			isa = PBXSourcesBuildPhase;
			buildActionMask = 2147483647;
			files = (
				03E19AA7FC6FB6287D8C5AF9,
			);
			runOnlyForDeploymentPostprocessing = 0;
		};
		DA32D70E9E260643A612E480 = {
			isa = PBXFrameworksBuildPhase;
			buildActionMask = 2147483647;
			files = (
				3A6B5ED51A4DDCF33D908EE3,
				FFFF87B519561273C67CB7D8,
				7F5D035D130BE0E314870AE5,
				C029E2659762319A7F6A93C6,
				4E822075FFAB0B47214BD9AB,
				09B09FB5D719F0F5865E47D2,
				DF2216E9FA26B14E345DC018,
				D7CDB1FA0DA8AE5D7F136910,
				B65CD420C64BF76C59345DF5,
				5739C8E95A5CBD1355F31431,
				50D07CF715C56B66C2E62565,
			);
			runOnlyForDeploymentPostprocessing = 0;
		};
		13BDF22E05A897EAE80130B3 = {
			isa = PBXNativeTarget;
			buildConfigurationList = 8B56425973386E1863133E66;
			buildPhases = (
				E03DE00E5E4708B30352E254,
				B393E6A4927DD370F1FAE122,
				DA32D70E9E260643A612E480,
			);
			buildRules = ( );
			dependencies = (
				58234A8BA5EB9F5E5E46C663,
			);
			name = "Equalizer - VST3";
			productName = Equalizer;
			productReference = E6376AFBD2614785CFF31324;
			productType = "com.apple.product-type.bundle";
		};
		DAAED20E771225F47C42CA25 = {
			isa = XCConfigurationList;
			buildConfigurations = (
				C9E31BF27E8DA9585B63B533,
				CCC7D2B8A97E904BE5E58F2A,
			);
			defaultConfigurationIsVisible = 0;
			defaultConfigurationName = Debug;
		};
		623C87D2AC5D0E0D50191CA0 = {
			isa = PBXResourcesBuildPhase;
			buildActionMask = 2147483647;
			files = (
				9DB02A221B2EC212F5A017FA,
			);
			runOnlyForDeploymentPostprocessing = 0;
		};
		BD04D8265FE1D2971B96F8ED = {
			isa = PBXRezBuildPhase;
			buildActionMask = 2147483647;
			files = (
				5370E5C460200879FBD46D2F,
			);
			runOnlyForDeploymentPostprocessing = 0;
		};
		3DADA06C67D96943F6D93465 = {
			isa = PBXSourcesBuildPhase;
			buildActionMask = 2147483647;
			files = (
				E230E2180C77AAE1BB792B6A,
				56CF8DCAE75DCB2A3677F9EA,
			);
			runOnlyForDeploymentPostprocessing = 0;
		};
		618D8BA06227D0A0F7445451 = {
			isa = PBXFrameworksBuildPhase;
			buildActionMask = 2147483647;
			files = (
				3A6B5ED51A4DDCF33D908EE3,
				FFFF87B519561273C67CB7D8,
				8C1A539B856DC5E4ADED00EC,
				7F5D035D130BE0E314870AE5,
				C029E2659762319A7F6A93C6,
				4E822075FFAB0B47214BD9AB,
				1463BE1D8950D14226A7F195,
				09B09FB5D719F0F5865E47D2,
				DF2216E9FA26B14E345DC018,
				D7CDB1FA0DA8AE5D7F136910,
				B65CD420C64BF76C59345DF5,
				5739C8E95A5CBD1355F31431,
				50D07CF715C56B66C2E62565,
			);
			runOnlyForDeploymentPostprocessing = 0;
		};
		A3BB623130CBB09A51437E28 = {
			isa = PBXNativeTarget;
			buildConfigurationList = DAAED20E771225F47C42CA25;
			buildPhases = (
				623C87D2AC5D0E0D50191CA0,
				BD04D8265FE1D2971B96F8ED,
				3DADA06C67D96943F6D93465,
				618D8BA06227D0A0F7445451,
			);
			buildRules = ( );
			dependencies = (
				58234A8BA5EB9F5E5E46C663,
			);
			name = "Equalizer - AU";
			productName = Equalizer;
			productReference = 84FF1C37B6B6F02003EE7FE6;
			productType = "com.apple.product-type.bundle";
		};
		2CEE59DB37AA88F56DD86B56 = {
			isa = XCConfigurationList;
			buildConfigurations = (
				DB483739BB9FB61FF1018244,
				25DDC620B147877A194A3D76,
			);
			defaultConfigurationIsVisible = 0;
			defaultConfigurationName = Debug;
		};
		0D7A81092E824F989546CDFE = {
			isa = PBXResourcesBuildPhase;
			buildActionMask = 2147483647;
			files = (
				9DB02A221B2EC212F5A017FA,
			);
			runOnlyForDeploymentPostprocessing = 0;
		};
		A658D10365DF90771F29B4B1 = {
			isa = PBXSourcesBuildPhase;
			buildActionMask = 2147483647;
			files = (
				054349B5F7C018C6E11D3544,
			);
			runOnlyForDeploymentPostprocessing = 0;
		};
		20CFB0450CBD9B86405827D1 = {
			isa = PBXFrameworksBuildPhase;
			buildActionMask = 2147483647;
			files = (
				3A6B5ED51A4DDCF33D908EE3,
				FFFF87B519561273C67CB7D8,
				7F5D035D130BE0E314870AE5,
				C029E2659762319A7F6A93C6,
				4E822075FFAB0B47214BD9AB,
				09B09FB5D719F0F5865E47D2,
				DF2216E9FA26B14E345DC018,
				D7CDB1FA0DA8AE5D7F136910,
				B65CD420C64BF76C59345DF5,
				5739C8E95A5CBD1355F31431,
				50D07CF715C56B66C2E62565,
			);
			runOnlyForDeploymentPostprocessing = 0;
		};
		6294797F6B4BD3B98DE3D772 = {
			isa = PBXNativeTarget;
			buildConfigurationList = 2CEE59DB37AA88F56DD86B56;
			buildPhases = (
				0D7A81092E824F989546CDFE,
				A658D10365DF90771F29B4B1,
				20CFB0450CBD9B86405827D1,
			);
			buildRules = ( );
			dependencies = (
				58234A8BA5EB9F5E5E46C663,
			);
			name = "Equalizer - Standalone Plugin";
			productName = Equalizer;
			productReference = BB86C5AF630C34B7AB7F5017;
			productType = "com.apple.product-type.application";
		};
		5FBFB56F01B8C4352E1C5D6C = {
			isa = XCConfigurationList;
			buildConfigurations = (
				95F3C52D3CA80F37CF46FDCD,
				16527B5581A7E230BC8B9D45,
			);
			defaultConfigurationIsVisible = 0;
			defaultConfigurationName = Debug;
		};
		441F81001C112BBCD30E3FEB = {
			isa = PBXSourcesBuildPhase;
			buildActionMask = 2147483647;
			files = (
				F007EC79F9D888751E7016F8,
				27EA27B3C4EA6DEB51DFB912,
				F91B425CD91E278CEFBEEA70,
				0ACA239E39527F78FDA7E33F,
				4C2CD1925D016769280102BA,
				B1E3EEE6D77A10B8B77E56BE,
				163CCB57100C157082625201,
				D513AA0E28948D2E0E98191A,
				4AD41351B63E87636B067B0F,
				5566DF114312FA37C7C5B11F,
				D484335042A25C8DCCC3BF18,
				59F9ACF0D4F8EF2B8F777EBB,
				0D79C7765964E8B54730F582,
				C79044F3D93FC42BFE0954CB,
				90DED4686E5DA574930D1198,
				42EFEA425327FD7ED7595CD3,
				E92172E6A714275B0F0F21B1,
				6CE8B0993FD9879861C39CFD,
				F37AF4351CFAC2EA75B68D68,
			);
			runOnlyForDeploymentPostprocessing = 0;
		};
		ECF816EA591653EC3161CA8A = {
			isa = PBXNativeTarget;
			buildConfigurationList = 5FBFB56F01B8C4352E1C5D6C;
			buildPhases = (
				441F81001C112BBCD30E3FEB,
			);
			buildRules = ( );
			dependencies = ( );
			name = "Equalizer - Shared Code";
			productName = Equalizer;
			productReference = AB76CFEC75A6F1C95C4CF8C7;
			productType = "com.apple.product-type.library.static";
		};
		EDE250170F902418F582D681 = {
			isa = PBXProject;
			buildConfigurationList = 51B30F3D43D75C3E7E7902A9;
			attributes = { LastUpgradeCheck = 1010; ORGANIZATIONNAME = "DNV"; TargetAttributes = { 7CFC3623ACC91EF5D9461CCB = { SystemCapabilities = {com.apple.ApplicationGroups.iOS = { enabled = 0; }; com.apple.InAppPurchase = { enabled = 0; }; com.apple.InterAppAudio = { enabled = 0; }; com.apple.Push = { enabled = 0; }; com.apple.Sandbox = { enabled = 0; }; com.apple.HardenedRuntime = { enabled = 0; }; }; };13BDF22E05A897EAE80130B3 = { SystemCapabilities = {com.apple.ApplicationGroups.iOS = { enabled = 0; }; com.apple.InAppPurchase = { enabled = 0; }; com.apple.InterAppAudio = { enabled = 0; }; com.apple.Push = { enabled = 0; }; com.apple.Sandbox = { enabled = 0; }; com.apple.HardenedRuntime = { enabled = 0; }; }; };A3BB623130CBB09A51437E28 = { SystemCapabilities = {com.apple.ApplicationGroups.iOS = { enabled = 0; }; com.apple.InAppPurchase = { enabled = 0; }; com.apple.InterAppAudio = { enabled = 0; }; com.apple.Push = { enabled = 0; }; com.apple.Sandbox = { enabled = 0; }; com.apple.HardenedRuntime = { enabled = 0; }; }; };6294797F6B4BD3B98DE3D772 = { SystemCapabilities = {com.apple.ApplicationGroups.iOS = { enabled = 0; }; com.apple.InAppPurchase = { enabled = 0; }; com.apple.InterAppAudio = { enabled = 0; }; com.apple.Push = { enabled = 0; }; com.apple.Sandbox = { enabled = 0; }; com.apple.HardenedRuntime = { enabled = 0; }; }; };ECF816EA591653EC3161CA8A = { SystemCapabilities = {com.apple.ApplicationGroups.iOS = { enabled = 0; }; com.apple.InAppPurchase = { enabled = 0; }; com.apple.InterAppAudio = { enabled = 0; }; com.apple.Push = { enabled = 0; }; com.apple.Sandbox = { enabled = 0; }; com.apple.HardenedRuntime = { enabled = 0; }; }; }; }; };
			compatibilityVersion = "Xcode 3.2";
			hasScannedForEncodings = 0;
			mainGroup = BE8F4693FDB60C84D116CD56;
			projectDirPath = "";
			projectRoot = "";
			targets = (7CFC3623ACC91EF5D9461CCB, 13BDF22E05A897EAE80130B3, A3BB623130CBB09A51437E28, 6294797F6B4BD3B98DE3D772, ECF816EA591653EC3161CA8A);
			knownRegions = (en, Base);
		};
	};
	rootObject = EDE250170F902418F582D681;
}
